
Microsoft Visual Studio Solution File, Format Version 12.00
# Visual Studio Version 17
VisualStudioVersion = 17.1.32414.318
MinimumVisualStudioVersion = 10.0.40219.1
Project("{FAE04EC0-301F-11D3-BF4B-00C04F79EFBC}") = "Biblioteca_Ingresar_Autores", "Biblioteca_Ingresar_Autores.csproj", "{3036298D-9558-4293-AD9C-505F41CFEA5C}"
EndProject
Global
	GlobalSection(SolutionConfigurationPlatforms) = preSolution
		Debug|Any CPU = Debug|Any CPU
		Release|Any CPU = Release|Any CPU
	EndGlobalSection
	GlobalSection(ProjectConfigurationPlatforms) = postSolution
		{3036298D-9558-4293-AD9C-505F41CFEA5C}.Debug|Any CPU.ActiveCfg = Debug|Any CPU
		{3036298D-9558-4293-AD9C-505F41CFEA5C}.Debug|Any CPU.Build.0 = Debug|Any CPU
		{3036298D-9558-4293-AD9C-505F41CFEA5C}.Release|Any CPU.ActiveCfg = Release|Any CPU
		{3036298D-9558-4293-AD9C-505F41CFEA5C}.Release|Any CPU.Build.0 = Release|Any CPU
	EndGlobalSection
	GlobalSection(SolutionProperties) = preSolution
		HideSolutionNode = FALSE
	EndGlobalSection
	GlobalSection(ExtensibilityGlobals) = postSolution
		SolutionGuid = {A67C437D-1A5B-4011-B0C9-618B795FB911}
	EndGlobalSection
EndGlobal
